Microsoft Visual Studio Solution File, Format Version 11.00
# Visual Studio 2008

Project("{10E92513-7C46-F61C-9D11-B7E7C4E0E004}") = "Don't Fall Off", "Assembly-CSharp.csproj", "{F283AEDE-395F-1EE4-3FF3-5587606326B6}"
EndProject
Global
	GlobalSection(SolutionConfigurationPlatforms) = preSolution
		Debug|Any CPU = Debug|Any CPU
		Release|Any CPU = Release|Any CPU
	EndGlobalSection
	GlobalSection(ProjectConfigurationPlatforms) = postSolution
		{F283AEDE-395F-1EE4-3FF3-5587606326B6}.Debug|Any CPU.ActiveCfg = Debug|Any CPU
		{F283AEDE-395F-1EE4-3FF3-5587606326B6}.Debug|Any CPU.Build.0 = Debug|Any CPU
		{F283AEDE-395F-1EE4-3FF3-5587606326B6}.Release|Any CPU.ActiveCfg = Release|Any CPU
		{F283AEDE-395F-1EE4-3FF3-5587606326B6}.Release|Any CPU.Build.0 = Release|Any CPU
	EndGlobalSection
	GlobalSection(SolutionProperties) = preSolution
		HideSolutionNode = FALSE
	EndGlobalSection
	GlobalSection(MonoDevelopProperties) = preSolution
		StartupItem = Assembly-CSharp.csproj
	EndGlobalSection
EndGlobal
